{
  "version": 4,
  "terraform_version": "0.12.24",
  "serial": 17,
  "lineage": "55ce5f45-cdb3-ed5a-7451-dce3c7eb33d6",
  "outputs": {},
  "resources": [
    {
      "mode": "managed",
      "type": "aws_instance",
      "name": "example",
      "provider": "provider.aws",
      "instances": [
        {
          "schema_version": 1,
          "attributes": {
            "ami": "ami-00edfb46b107f643c",
            "arn": "arn:aws:ec2:ap-northeast-2:198931477633:instance/i-0a63ba5db142fd47a",
            "associate_public_ip_address": true,
            "availability_zone": "ap-northeast-2c",
            "cpu_core_count": 1,
            "cpu_threads_per_core": 1,
            "credit_specification": [
              {
                "cpu_credits": "standard"
              }
            ],
            "disable_api_termination": false,
            "ebs_block_device": [],
            "ebs_optimized": false,
            "ephemeral_block_device": [],
            "get_password_data": false,
            "hibernation": false,
            "host_id": null,
            "iam_instance_profile": "",
            "id": "i-0a63ba5db142fd47a",
            "instance_initiated_shutdown_behavior": null,
            "instance_state": "running",
            "instance_type": "t2.micro",
            "ipv6_address_count": 0,
            "ipv6_addresses": [],
            "key_name": "mykey",
            "metadata_options": [
              {
                "http_endpoint": "enabled",
                "http_put_response_hop_limit": 1,
                "http_tokens": "optional"
              }
            ],
            "monitoring": false,
            "network_interface": [],
            "network_interface_id": null,
            "outpost_arn": "",
            "password_data": "",
            "placement_group": "",
            "primary_network_interface_id": "eni-05c1ec1d1fed417bb",
            "private_dns": "ip-172-31-40-42.ap-northeast-2.compute.internal",
            "private_ip": "172.31.40.42",
            "public_dns": "ec2-3-34-97-251.ap-northeast-2.compute.amazonaws.com",
            "public_ip": "3.34.97.251",
            "root_block_device": [
              {
                "delete_on_termination": true,
                "device_name": "/dev/sda1",
                "encrypted": false,
                "iops": 100,
                "kms_key_id": "",
                "volume_id": "vol-04ca154bac7cf4147",
                "volume_size": 8,
                "volume_type": "gp2"
              }
            ],
            "security_groups": [
              "default"
            ],
            "source_dest_check": true,
            "subnet_id": "subnet-0584f413162aa0d77",
            "tags": null,
            "tenancy": "default",
            "timeouts": null,
            "user_data": null,
            "user_data_base64": null,
            "volume_tags": {},
            "vpc_security_group_ids": [
              "sg-0140b3ae3ea06b90b"
            ]
          },
          "private": "eyJlMmJmYjczMC1lY2FhLTExZTYtOGY4OC0zNDM2M2JjN2M0YzAiOnsiY3JlYXRlIjo2MDAwMDAwMDAwMDAsImRlbGV0ZSI6MTIwMDAwMDAwMDAwMCwidXBkYXRlIjo2MDAwMDAwMDAwMDB9LCJzY2hlbWFfdmVyc2lvbiI6IjEifQ==",
          "dependencies": [
            "aws_key_pair.mykey"
          ]
        }
      ]
    },
    {
      "mode": "managed",
      "type": "aws_key_pair",
      "name": "mykey",
      "provider": "provider.aws",
      "instances": [
        {
          "schema_version": 1,
          "attributes": {
            "fingerprint": "d1:80:34:22:ea:a9:53:c8:60:4c:96:23:dc:5f:b8:bf",
            "id": "mykey",
            "key_name": "mykey",
            "key_name_prefix": null,
            "key_pair_id": "key-08ea4bfd6a318133c",
            "public_key": "ssh-rsa AAAAB3NzaC1yc2EAAAADAQABAAABAQDKYhq2n621+G5bK6SPSpqIdNvdMIYlGEGgHBgsDsqy7elgPFD+2AK/nPhhm5M+Ry4giz+a5mwN498edIXGKiMDJ090ovpWmzzApf4T9vgAlXKB/KeYLhhEmC8Xt03/ih4icr52jeueR9WFqHKm+zA4X7uy7VVAKzBCt5oTD9lt2X8W7ZUMqDr4Jm2PEL6bPzoHil79yq9sx4fJsoEQRkDEIIVpeWJ3+DBCKee89Oh5owcYpMyMX8lyaHVIUY4zew1M5bZ7G2O9AaFfvgLRgOEOjfdHRk8pBDnFbwnr2iFWQ6vraXvM6NbIg82lWVKewIY4/Rn8/bkXhlgj7PlsDFhz ubuntu@u1",
            "tags": null
          },
          "private": "eyJzY2hlbWFfdmVyc2lvbiI6IjEifQ=="
        }
      ]
    }
  ]
}
